// !$*UTF8*$!
{
	archiveVersion = 1;
	classes = {
	};
	objectVersion = 46;
	objects = {

/* Begin PBXBuildFile section */
		102BF1761D7BFAB000C4E8CA /* WebHistory.swift in Sources */ = {isa = PBXBuildFile; fileRef = 102BF1751D7BFAB000C4E8CA /* WebHistory.swift */; };
		103570E81D44E1CC000A4698 /* NSString+Helper.m in Sources */ = {isa = PBXBuildFile; fileRef = 103570E71D44E1CC000A4698 /* NSString+Helper.m */; };
		103B794B1D2F9D64001B9233 /* WebViewController.swift in Sources */ = {isa = PBXBuildFile; fileRef = 103B794A1D2F9D64001B9233 /* WebViewController.swift */; };
		10A6D6871D357B7B00FCFE75 /* TabButton.swift in Sources */ = {isa = PBXBuildFile; fileRef = 10A6D6861D357B7B00FCFE75 /* TabButton.swift */; };
		10EF1A671D2785D30050DE8A /* AppDelegate.swift in Sources */ = {isa = PBXBuildFile; fileRef = 10EF1A661D2785D30050DE8A /* AppDelegate.swift */; };
		10EF1A691D2785D30050DE8A /* MainViewController.swift in Sources */ = {isa = PBXBuildFile; fileRef = 10EF1A681D2785D30050DE8A /* MainViewController.swift */; };
		10EF1A6C1D2785D30050DE8A /* Main.storyboard in Resources */ = {isa = PBXBuildFile; fileRef = 10EF1A6A1D2785D30050DE8A /* Main.storyboard */; };
		10EF1A6E1D2785D30050DE8A /* Assets.xcassets in Resources */ = {isa = PBXBuildFile; fileRef = 10EF1A6D1D2785D30050DE8A /* Assets.xcassets */; };
		10EF1A711D2785D30050DE8A /* LaunchScreen.storyboard in Resources */ = {isa = PBXBuildFile; fileRef = 10EF1A6F1D2785D30050DE8A /* LaunchScreen.storyboard */; };
		4A1F2CEA216351D600882130 /* NemoTests.swift in Sources */ = {isa = PBXBuildFile; fileRef = 4A1F2CE9216351D600882130 /* NemoTests.swift */; };
		4A1F2CF2216351FF00882130 /* WebHistoryTests.swift in Sources */ = {isa = PBXBuildFile; fileRef = 4A1F2CF1216351FF00882130 /* WebHistoryTests.swift */; };
		4A1F2CF42165241500882130 /* ScrollableTabView.swift in Sources */ = {isa = PBXBuildFile; fileRef = 4A1F2CF32165241500882130 /* ScrollableTabView.swift */; };
		4A1F2D2B2169B30E00882130 /* UIColor+Extension.swift in Sources */ = {isa = PBXBuildFile; fileRef = 4A1F2D2A2169B30E00882130 /* UIColor+Extension.swift */; };
		4AD4F4AC21D7517400172954 /* Trie.swift in Sources */ = {isa = PBXBuildFile; fileRef = 4AD4F4AB21D7517400172954 /* Trie.swift */; };
/* End PBXBuildFile section */

/* Begin PBXContainerItemProxy section */
		4A1F2CEC216351D600882130 /* PBXContainerItemProxy */ = {
			isa = PBXContainerItemProxy;
			containerPortal = 10EF1A5B1D2785D30050DE8A /* Project object */;
			proxyType = 1;
			remoteGlobalIDString = 10EF1A621D2785D30050DE8A;
			remoteInfo = Nemo;
		};
/* End PBXContainerItemProxy section */

/* Begin PBXFileReference section */
		102BF1751D7BFAB000C4E8CA /* WebHistory.swift */ = {isa = PBXFileReference; fileEncoding = 4; lastKnownFileType = sourcecode.swift; path = WebHistory.swift; sourceTree = "<group>"; };
		103570E11D44E0CA000A4698 /* Nemo-Bridging-Header.h */ = {isa = PBXFileReference; lastKnownFileType = sourcecode.c.h; path = "Nemo-Bridging-Header.h"; sourceTree = "<group>"; };
		103570E61D44E1CC000A4698 /* NSString+Helper.h */ = {isa = PBXFileReference; fileEncoding = 4; lastKnownFileType = sourcecode.c.h; path = "NSString+Helper.h"; sourceTree = "<group>"; };
		103570E71D44E1CC000A4698 /* NSString+Helper.m */ = {isa = PBXFileReference; fileEncoding = 4; lastKnownFileType = sourcecode.c.objc; path = "NSString+Helper.m"; sourceTree = "<group>"; };
		103B794A1D2F9D64001B9233 /* WebViewController.swift */ = {isa = PBXFileReference; fileEncoding = 4; lastKnownFileType = sourcecode.swift; path = WebViewController.swift; sourceTree = "<group>"; };
		10A6D6861D357B7B00FCFE75 /* TabButton.swift */ = {isa = PBXFileReference; fileEncoding = 4; lastKnownFileType = sourcecode.swift; path = TabButton.swift; sourceTree = "<group>"; };
		10EF1A631D2785D30050DE8A /* Nemo.app */ = {isa = PBXFileReference; explicitFileType = wrapper.application; includeInIndex = 0; path = Nemo.app; sourceTree = BUILT_PRODUCTS_DIR; };
		10EF1A661D2785D30050DE8A /* AppDelegate.swift */ = {isa = PBXFileReference; lastKnownFileType = sourcecode.swift; path = AppDelegate.swift; sourceTree = "<group>"; };
		10EF1A681D2785D30050DE8A /* MainViewController.swift */ = {isa = PBXFileReference; lastKnownFileType = sourcecode.swift; path = MainViewController.swift; sourceTree = "<group>"; };
		10EF1A6B1D2785D30050DE8A /* Base */ = {isa = PBXFileReference; lastKnownFileType = file.storyboard; name = Base; path = Base.lproj/Main.storyboard; sourceTree = "<group>"; };
		10EF1A6D1D2785D30050DE8A /* Assets.xcassets */ = {isa = PBXFileReference; lastKnownFileType = folder.assetcatalog; path = Assets.xcassets; sourceTree = "<group>"; };
		10EF1A701D2785D30050DE8A /* Base */ = {isa = PBXFileReference; lastKnownFileType = file.storyboard; name = Base; path = Base.lproj/LaunchScreen.storyboard; sourceTree = "<group>"; };
		10EF1A721D2785D30050DE8A /* Info.plist */ = {isa = PBXFileReference; lastKnownFileType = text.plist.xml; path = Info.plist; sourceTree = "<group>"; };
		4A1F2CE7216351D600882130 /* NemoTests.xctest */ = {isa = PBXFileReference; explicitFileType = wrapper.cfbundle; includeInIndex = 0; path = NemoTests.xctest; sourceTree = BUILT_PRODUCTS_DIR; };
		4A1F2CE9216351D600882130 /* NemoTests.swift */ = {isa = PBXFileReference; lastKnownFileType = sourcecode.swift; path = NemoTests.swift; sourceTree = "<group>"; };
		4A1F2CEB216351D600882130 /* Info.plist */ = {isa = PBXFileReference; lastKnownFileType = text.plist.xml; path = Info.plist; sourceTree = "<group>"; };
		4A1F2CF1216351FF00882130 /* WebHistoryTests.swift */ = {isa = PBXFileReference; lastKnownFileType = sourcecode.swift; path = WebHistoryTests.swift; sourceTree = "<group>"; };
		4A1F2CF32165241500882130 /* ScrollableTabView.swift */ = {isa = PBXFileReference; lastKnownFileType = sourcecode.swift; path = ScrollableTabView.swift; sourceTree = "<group>"; };
		4A1F2D2A2169B30E00882130 /* UIColor+Extension.swift */ = {isa = PBXFileReference; lastKnownFileType = sourcecode.swift; path = "UIColor+Extension.swift"; sourceTree = "<group>"; };
		4AD4F4AB21D7517400172954 /* Trie.swift */ = {isa = PBXFileReference; lastKnownFileType = sourcecode.swift; path = Trie.swift; sourceTree = "<group>"; };
/* End PBXFileReference section */

/* Begin PBXFrameworksBuildPhase section */
		10EF1A601D2785D30050DE8A /* Frameworks */ = {
			isa = PBXFrameworksBuildPhase;
			buildActionMask = 2147483647;
			files = (
			);
			runOnlyForDeploymentPostprocessing = 0;
		};
		4A1F2CE4216351D600882130 /* Frameworks */ = {
			isa = PBXFrameworksBuildPhase;
			buildActionMask = 2147483647;
			files = (
			);
			runOnlyForDeploymentPostprocessing = 0;
		};
/* End PBXFrameworksBuildPhase section */

/* Begin PBXGroup section */
		10EF1A5A1D2785D30050DE8A = {
			isa = PBXGroup;
			children = (
				10EF1A651D2785D30050DE8A /* Nemo */,
				4A1F2CE8216351D600882130 /* NemoTests */,
				10EF1A641D2785D30050DE8A /* Products */,
			);
			sourceTree = "<group>";
		};
		10EF1A641D2785D30050DE8A /* Products */ = {
			isa = PBXGroup;
			children = (
				10EF1A631D2785D30050DE8A /* Nemo.app */,
				4A1F2CE7216351D600882130 /* NemoTests.xctest */,
			);
			name = Products;
			sourceTree = "<group>";
		};
		10EF1A651D2785D30050DE8A /* Nemo */ = {
			isa = PBXGroup;
			children = (
				10EF1A6D1D2785D30050DE8A /* Assets.xcassets */,
				10EF1A721D2785D30050DE8A /* Info.plist */,
				103570E11D44E0CA000A4698 /* Nemo-Bridging-Header.h */,
				10EF1A661D2785D30050DE8A /* AppDelegate.swift */,
				4A1F2D2821685EE900882130 /* Controllers */,
				4A1F2D2721685ECA00882130 /* Utility */,
				4A1F2D2621685EB800882130 /* Storyboards */,
				4A1F2D292169B25700882130 /* View */,
				102BF1751D7BFAB000C4E8CA /* WebHistory.swift */,
				4AD4F4AB21D7517400172954 /* Trie.swift */,
			);
			path = Nemo;
			sourceTree = "<group>";
		};
		4A1F2CE8216351D600882130 /* NemoTests */ = {
			isa = PBXGroup;
			children = (
				4A1F2CE9216351D600882130 /* NemoTests.swift */,
				4A1F2CEB216351D600882130 /* Info.plist */,
				4A1F2CF1216351FF00882130 /* WebHistoryTests.swift */,
			);
			path = NemoTests;
			sourceTree = "<group>";
		};
		4A1F2D2621685EB800882130 /* Storyboards */ = {
			isa = PBXGroup;
			children = (
				10EF1A6A1D2785D30050DE8A /* Main.storyboard */,
				10EF1A6F1D2785D30050DE8A /* LaunchScreen.storyboard */,
			);
			path = Storyboards;
			sourceTree = "<group>";
		};
		4A1F2D2721685ECA00882130 /* Utility */ = {
			isa = PBXGroup;
			children = (
				103570E61D44E1CC000A4698 /* NSString+Helper.h */,
				103570E71D44E1CC000A4698 /* NSString+Helper.m */,
				4A1F2D2A2169B30E00882130 /* UIColor+Extension.swift */,
			);
			path = Utility;
			sourceTree = "<group>";
		};
		4A1F2D2821685EE900882130 /* Controllers */ = {
			isa = PBXGroup;
			children = (
				10EF1A681D2785D30050DE8A /* MainViewController.swift */,
				103B794A1D2F9D64001B9233 /* WebViewController.swift */,
			);
			path = Controllers;
			sourceTree = "<group>";
		};
		4A1F2D292169B25700882130 /* View */ = {
			isa = PBXGroup;
			children = (
				10A6D6861D357B7B00FCFE75 /* TabButton.swift */,
				4A1F2CF32165241500882130 /* ScrollableTabView.swift */,
			);
			path = View;
			sourceTree = "<group>";
		};
/* End PBXGroup section */

/* Begin PBXNativeTarget section */
		10EF1A621D2785D30050DE8A /* Nemo */ = {
			isa = PBXNativeTarget;
			buildConfigurationList = 10EF1A751D2785D30050DE8A /* Build configuration list for PBXNativeTarget "Nemo" */;
			buildPhases = (
				10EF1A5F1D2785D30050DE8A /* Sources */,
				10EF1A601D2785D30050DE8A /* Frameworks */,
				10EF1A611D2785D30050DE8A /* Resources */,
			);
			buildRules = (
			);
			dependencies = (
			);
			name = Nemo;
			productName = Nemo;
			productReference = 10EF1A631D2785D30050DE8A /* Nemo.app */;
			productType = "com.apple.product-type.application";
		};
		4A1F2CE6216351D600882130 /* NemoTests */ = {
			isa = PBXNativeTarget;
			buildConfigurationList = 4A1F2CEE216351D600882130 /* Build configuration list for PBXNativeTarget "NemoTests" */;
			buildPhases = (
				4A1F2CE3216351D600882130 /* Sources */,
				4A1F2CE4216351D600882130 /* Frameworks */,
				4A1F2CE5216351D600882130 /* Resources */,
			);
			buildRules = (
			);
			dependencies = (
				4A1F2CED216351D600882130 /* PBXTargetDependency */,
			);
			name = NemoTests;
			productName = NemoTests;
			productReference = 4A1F2CE7216351D600882130 /* NemoTests.xctest */;
			productType = "com.apple.product-type.bundle.unit-test";
		};
/* End PBXNativeTarget section */

/* Begin PBXProject section */
		10EF1A5B1D2785D30050DE8A /* Project object */ = {
			isa = PBXProject;
			attributes = {
				LastSwiftUpdateCheck = 1000;
				LastUpgradeCheck = 1000;
				ORGANIZATIONNAME = "Dushyant Bansal";
				TargetAttributes = {
					10EF1A621D2785D30050DE8A = {
						CreatedOnToolsVersion = 7.3.1;
						DevelopmentTeam = YYP67XJVVR;
						LastSwiftMigration = 1000;
					};
					4A1F2CE6216351D600882130 = {
						CreatedOnToolsVersion = 10.0;
						ProvisioningStyle = Automatic;
						TestTargetID = 10EF1A621D2785D30050DE8A;
					};
				};
			};
			buildConfigurationList = 10EF1A5E1D2785D30050DE8A /* Build configuration list for PBXProject "Nemo" */;
			compatibilityVersion = "Xcode 3.2";
			developmentRegion = English;
			hasScannedForEncodings = 0;
			knownRegions = (
				en,
				Base,
			);
			mainGroup = 10EF1A5A1D2785D30050DE8A;
			productRefGroup = 10EF1A641D2785D30050DE8A /* Products */;
			projectDirPath = "";
			projectRoot = "";
			targets = (
				10EF1A621D2785D30050DE8A /* Nemo */,
				4A1F2CE6216351D600882130 /* NemoTests */,
			);
		};
/* End PBXProject section */

/* Begin PBXResourcesBuildPhase section */
		10EF1A611D2785D30050DE8A /* Resources */ = {
			isa = PBXResourcesBuildPhase;
			buildActionMask = 2147483647;
			files = (
				10EF1A711D2785D30050DE8A /* LaunchScreen.storyboard in Resources */,
				10EF1A6E1D2785D30050DE8A /* Assets.xcassets in Resources */,
				10EF1A6C1D2785D30050DE8A /* Main.storyboard in Resources */,
			);
			runOnlyForDeploymentPostprocessing = 0;
		};
		4A1F2CE5216351D600882130 /* Resources */ = {
			isa = PBXResourcesBuildPhase;
			buildActionMask = 2147483647;
			files = (
			);
			runOnlyForDeploymentPostprocessing = 0;
		};
/* End PBXResourcesBuildPhase section */

/* Begin PBXSourcesBuildPhase section */
		10EF1A5F1D2785D30050DE8A /* Sources */ = {
			isa = PBXSourcesBuildPhase;
			buildActionMask = 2147483647;
			files = (
				10EF1A691D2785D30050DE8A /* MainViewController.swift in Sources */,
				10A6D6871D357B7B00FCFE75 /* TabButton.swift in Sources */,
				4A1F2D2B2169B30E00882130 /* UIColor+Extension.swift in Sources */,
				4AD4F4AC21D7517400172954 /* Trie.swift in Sources */,
				102BF1761D7BFAB000C4E8CA /* WebHistory.swift in Sources */,
				10EF1A671D2785D30050DE8A /* AppDelegate.swift in Sources */,
				103B794B1D2F9D64001B9233 /* WebViewController.swift in Sources */,
				103570E81D44E1CC000A4698 /* NSString+Helper.m in Sources */,
				4A1F2CF42165241500882130 /* ScrollableTabView.swift in Sources */,
			);
			runOnlyForDeploymentPostprocessing = 0;
		};
		4A1F2CE3216351D600882130 /* Sources */ = {
			isa = PBXSourcesBuildPhase;
			buildActionMask = 2147483647;
			files = (
				4A1F2CEA216351D600882130 /* NemoTests.swift in Sources */,
				4A1F2CF2216351FF00882130 /* WebHistoryTests.swift in Sources */,
			);
			runOnlyForDeploymentPostprocessing = 0;
		};
/* End PBXSourcesBuildPhase section */

/* Begin PBXTargetDependency section */
		4A1F2CED216351D600882130 /* PBXTargetDependency */ = {
			isa = PBXTargetDependency;
			target = 10EF1A621D2785D30050DE8A /* Nemo */;
			targetProxy = 4A1F2CEC216351D600882130 /* PBXContainerItemProxy */;
		};
/* End PBXTargetDependency section */

/* Begin PBXVariantGroup section */
		10EF1A6A1D2785D30050DE8A /* Main.storyboard */ = {
			isa = PBXVariantGroup;
			children = (
				10EF1A6B1D2785D30050DE8A /* Base */,
			);
			name = Main.storyboard;
			sourceTree = "<group>";
		};
		10EF1A6F1D2785D30050DE8A /* LaunchScreen.storyboard */ = {
			isa = PBXVariantGroup;
			children = (
				10EF1A701D2785D30050DE8A /* Base */,
			);
			name = LaunchScreen.storyboard;
			sourceTree = "<group>";
		};
/* End PBXVariantGroup section */

/* Begin XCBuildConfiguration section */
		10EF1A731D2785D30050DE8A /* Debug */ = {
			isa = XCBuildConfiguration;
			buildSettings = {
				ALWAYS_SEARCH_USER_PATHS = NO;
				CLANG_ANALYZER_NONNULL = YES;
				CLANG_CXX_LANGUAGE_STANDARD = "gnu++0x";
				CLANG_CXX_LIBRARY = "libc++";
				CLANG_ENABLE_MODULES = YES;
				CLANG_ENABLE_OBJC_ARC = YES;
				CLANG_WARN_BLOCK_CAPTURE_AUTORELEASING = YES;
				CLANG_WARN_BOOL_CONVERSION = YES;
				CLANG_WARN_COMMA = YES;
				CLANG_WARN_CONSTANT_CONVERSION = YES;
				CLANG_WARN_DEPRECATED_OBJC_IMPLEMENTATIONS = YES;
				CLANG_WARN_DIRECT_OBJC_ISA_USAGE = YES_ERROR;
				CLANG_WARN_EMPTY_BODY = YES;
				CLANG_WARN_ENUM_CONVERSION = YES;
				CLANG_WARN_INFINITE_RECURSION = YES;
				CLANG_WARN_INT_CONVERSION = YES;
				CLANG_WARN_NON_LITERAL_NULL_CONVERSION = YES;
				CLANG_WARN_OBJC_IMPLICIT_RETAIN_SELF = YES;
				CLANG_WARN_OBJC_LITERAL_CONVERSION = YES;
				CLANG_WARN_OBJC_ROOT_CLASS = YES_ERROR;
				CLANG_WARN_RANGE_LOOP_ANALYSIS = YES;
				CLANG_WARN_STRICT_PROTOTYPES = YES;
				CLANG_WARN_SUSPICIOUS_MOVE = YES;
				CLANG_WARN_UNREACHABLE_CODE = YES;
				CLANG_WARN__DUPLICATE_METHOD_MATCH = YES;
				CODE_SIGN_IDENTITY = "iPhone Developer";
				"CODE_SIGN_IDENTITY[sdk=iphoneos*]" = "iPhone Developer";
				COPY_PHASE_STRIP = NO;
				DEBUG_INFORMATION_FORMAT = dwarf;
				ENABLE_STRICT_OBJC_MSGSEND = YES;
				ENABLE_TESTABILITY = YES;
				GCC_C_LANGUAGE_STANDARD = gnu99;
				GCC_DYNAMIC_NO_PIC = NO;
				GCC_NO_COMMON_BLOCKS = YES;
				GCC_OPTIMIZATION_LEVEL = 0;
				GCC_PREPROCESSOR_DEFINITIONS = (
					"DEBUG=1",
					"$(inherited)",
				);
				GCC_WARN_64_TO_32_BIT_CONVERSION = YES;
				GCC_WARN_ABOUT_RETURN_TYPE = YES_ERROR;
				GCC_WARN_UNDECLARED_SELECTOR = YES;
				GCC_WARN_UNINITIALIZED_AUTOS = YES_AGGRESSIVE;
				GCC_WARN_UNUSED_FUNCTION = YES;
				GCC_WARN_UNUSED_VARIABLE = YES;
				IPHONEOS_DEPLOYMENT_TARGET = 9.3;
				MTL_ENABLE_DEBUG_INFO = YES;
				ONLY_ACTIVE_ARCH = YES;
				SDKROOT = iphoneos;
				SWIFT_OPTIMIZATION_LEVEL = "-Onone";
				TARGETED_DEVICE_FAMILY = "1,2";
			};
			name = Debug;
		};
		10EF1A741D2785D30050DE8A /* Release */ = {
			isa = XCBuildConfiguration;
			buildSettings = {
				ALWAYS_SEARCH_USER_PATHS = NO;
				CLANG_ANALYZER_NONNULL = YES;
				CLANG_CXX_LANGUAGE_STANDARD = "gnu++0x";
				CLANG_CXX_LIBRARY = "libc++";
				CLANG_ENABLE_MODULES = YES;
				CLANG_ENABLE_OBJC_ARC = YES;
				CLANG_WARN_BLOCK_CAPTURE_AUTORELEASING = YES;
				CLANG_WARN_BOOL_CONVERSION = YES;
				CLANG_WARN_COMMA = YES;
				CLANG_WARN_CONSTANT_CONVERSION = YES;
				CLANG_WARN_DEPRECATED_OBJC_IMPLEMENTATIONS = YES;
				CLANG_WARN_DIRECT_OBJC_ISA_USAGE = YES_ERROR;
				CLANG_WARN_EMPTY_BODY = YES;
				CLANG_WARN_ENUM_CONVERSION = YES;
				CLANG_WARN_INFINITE_RECURSION = YES;
				CLANG_WARN_INT_CONVERSION = YES;
				CLANG_WARN_NON_LITERAL_NULL_CONVERSION = YES;
				CLANG_WARN_OBJC_IMPLICIT_RETAIN_SELF = YES;
				CLANG_WARN_OBJC_LITERAL_CONVERSION = YES;
				CLANG_WARN_OBJC_ROOT_CLASS = YES_ERROR;
				CLANG_WARN_RANGE_LOOP_ANALYSIS = YES;
				CLANG_WARN_STRICT_PROTOTYPES = YES;
				CLANG_WARN_SUSPICIOUS_MOVE = YES;
				CLANG_WARN_UNREACHABLE_CODE = YES;
				CLANG_WARN__DUPLICATE_METHOD_MATCH = YES;
				CODE_SIGN_IDENTITY = "iPhone Developer";
				"CODE_SIGN_IDENTITY[sdk=iphoneos*]" = "iPhone Developer";
				COPY_PHASE_STRIP = NO;
				DEBUG_INFORMATION_FORMAT = "dwarf-with-dsym";
				ENABLE_NS_ASSERTIONS = NO;
				ENABLE_STRICT_OBJC_MSGSEND = YES;
				GCC_C_LANGUAGE_STANDARD = gnu99;
				GCC_NO_COMMON_BLOCKS = YES;
				GCC_WARN_64_TO_32_BIT_CONVERSION = YES;
				GCC_WARN_ABOUT_RETURN_TYPE = YES_ERROR;
				GCC_WARN_UNDECLARED_SELECTOR = YES;
				GCC_WARN_UNINITIALIZED_AUTOS = YES_AGGRESSIVE;
				GCC_WARN_UNUSED_FUNCTION = YES;
				GCC_WARN_UNUSED_VARIABLE = YES;
				IPHONEOS_DEPLOYMENT_TARGET = 9.3;
				MTL_ENABLE_DEBUG_INFO = NO;
				SDKROOT = iphoneos;
				TARGETED_DEVICE_FAMILY = "1,2";
				VALIDATE_PRODUCT = YES;
			};
			name = Release;
		};
		10EF1A761D2785D30050DE8A /* Debug */ = {
			isa = XCBuildConfiguration;
			buildSettings = {
				ASSETCATALOG_COMPILER_APPICON_NAME = AppIcon;
				CLANG_ENABLE_MODULES = YES;
				CODE_SIGN_IDENTITY = "iPhone Developer";
				"CODE_SIGN_IDENTITY[sdk=iphoneos*]" = "iPhone Developer";
				DEVELOPMENT_TEAM = YYP67XJVVR;
				INFOPLIST_FILE = Nemo/Info.plist;
				LD_RUNPATH_SEARCH_PATHS = "$(inherited) @executable_path/Frameworks";
				PRODUCT_BUNDLE_IDENTIFIER = in.db42.Nemo;
				PRODUCT_NAME = "$(TARGET_NAME)";
				PROVISIONING_PROFILE = "";
				SWIFT_OBJC_BRIDGING_HEADER = "Nemo/Nemo-Bridging-Header.h";
				SWIFT_OPTIMIZATION_LEVEL = "-Onone";
				SWIFT_SWIFT3_OBJC_INFERENCE = On;
				SWIFT_VERSION = 4.2;
			};
			name = Debug;
		};
		10EF1A771D2785D30050DE8A /* Release */ = {
			isa = XCBuildConfiguration;
			buildSettings = {
				ASSETCATALOG_COMPILER_APPICON_NAME = AppIcon;
				CLANG_ENABLE_MODULES = YES;
				CODE_SIGN_IDENTITY = "iPhone Developer";
				"CODE_SIGN_IDENTITY[sdk=iphoneos*]" = "iPhone Developer";
				DEVELOPMENT_TEAM = YYP67XJVVR;
				INFOPLIST_FILE = Nemo/Info.plist;
				LD_RUNPATH_SEARCH_PATHS = "$(inherited) @executable_path/Frameworks";
				PRODUCT_BUNDLE_IDENTIFIER = in.db42.Nemo;
				PRODUCT_NAME = "$(TARGET_NAME)";
				PROVISIONING_PROFILE = "";
				SWIFT_OBJC_BRIDGING_HEADER = "Nemo/Nemo-Bridging-Header.h";
				SWIFT_OPTIMIZATION_LEVEL = "-Owholemodule";
				SWIFT_SWIFT3_OBJC_INFERENCE = On;
				SWIFT_VERSION = 4.2;
			};
			name = Release;
		};
		4A1F2CEF216351D600882130 /* Debug */ = {
			isa = XCBuildConfiguration;
			buildSettings = {
				BUNDLE_LOADER = "$(TEST_HOST)";
				CLANG_ANALYZER_NUMBER_OBJECT_CONVERSION = YES_AGGRESSIVE;
				CLANG_CXX_LANGUAGE_STANDARD = "gnu++14";
				CLANG_ENABLE_OBJC_WEAK = YES;
				CLANG_WARN_DOCUMENTATION_COMMENTS = YES;
				CLANG_WARN_UNGUARDED_AVAILABILITY = YES_AGGRESSIVE;
				CODE_SIGN_STYLE = Automatic;
				GCC_C_LANGUAGE_STANDARD = gnu11;
				INFOPLIST_FILE = NemoTests/Info.plist;
				IPHONEOS_DEPLOYMENT_TARGET = 12.0;
				LD_RUNPATH_SEARCH_PATHS = "$(inherited) @executable_path/Frameworks @loader_path/Frameworks";
				MTL_ENABLE_DEBUG_INFO = INCLUDE_SOURCE;
				MTL_FAST_MATH = YES;
				PRODUCT_BUNDLE_IDENTIFIER = in.db42.test.NemoTests;
				PRODUCT_NAME = "$(TARGET_NAME)";
				SWIFT_ACTIVE_COMPILATION_CONDITIONS = DEBUG;
				SWIFT_VERSION = 4.2;
				TARGETED_DEVICE_FAMILY = "1,2";
				TEST_HOST = "$(BUILT_PRODUCTS_DIR)/Nemo.app/Nemo";
			};
			name = Debug;
		};
		4A1F2CF0216351D600882130 /* Release */ = {
			isa = XCBuildConfiguration;
			buildSettings = {
				BUNDLE_LOADER = "$(TEST_HOST)";
				CLANG_ANALYZER_NUMBER_OBJECT_CONVERSION = YES_AGGRESSIVE;
				CLANG_CXX_LANGUAGE_STANDARD = "gnu++14";
				CLANG_ENABLE_OBJC_WEAK = YES;
				CLANG_WARN_DOCUMENTATION_COMMENTS = YES;
				CLANG_WARN_UNGUARDED_AVAILABILITY = YES_AGGRESSIVE;
				CODE_SIGN_STYLE = Automatic;
				GCC_C_LANGUAGE_STANDARD = gnu11;
				INFOPLIST_FILE = NemoTests/Info.plist;
				IPHONEOS_DEPLOYMENT_TARGET = 12.0;
				LD_RUNPATH_SEARCH_PATHS = "$(inherited) @executable_path/Frameworks @loader_path/Frameworks";
				MTL_FAST_MATH = YES;
				PRODUCT_BUNDLE_IDENTIFIER = in.db42.test.NemoTests;
				PRODUCT_NAME = "$(TARGET_NAME)";
				SWIFT_OPTIMIZATION_LEVEL = "-Owholemodule";
				SWIFT_VERSION = 4.2;
				TARGETED_DEVICE_FAMILY = "1,2";
				TEST_HOST = "$(BUILT_PRODUCTS_DIR)/Nemo.app/Nemo";
			};
			name = Release;
		};
/* End XCBuildConfiguration section */

/* Begin XCConfigurationList section */
		10EF1A5E1D2785D30050DE8A /* Build configuration list for PBXProject "Nemo" */ = {
			isa = XCConfigurationList;
			buildConfigurations = (
				10EF1A731D2785D30050DE8A /* Debug */,
				10EF1A741D2785D30050DE8A /* Release */,
			);
			defaultConfigurationIsVisible = 0;
			defaultConfigurationName = Release;
		};
		10EF1A751D2785D30050DE8A /* Build configuration list for PBXNativeTarget "Nemo" */ = {
			isa = XCConfigurationList;
			buildConfigurations = (
				10EF1A761D2785D30050DE8A /* Debug */,
				10EF1A771D2785D30050DE8A /* Release */,
			);
			defaultConfigurationIsVisible = 0;
			defaultConfigurationName = Release;
		};
		4A1F2CEE216351D600882130 /* Build configuration list for PBXNativeTarget "NemoTests" */ = {
			isa = XCConfigurationList;
			buildConfigurations = (
				4A1F2CEF216351D600882130 /* Debug */,
				4A1F2CF0216351D600882130 /* Release */,
			);
			defaultConfigurationIsVisible = 0;
			defaultConfigurationName = Release;
		};
/* End XCConfigurationList section */
	};
	rootObject = 10EF1A5B1D2785D30050DE8A /* Project object */;
}
